
Microsoft Visual Studio Solution File, Format Version 12.00
# Visual Studio Version 17
VisualStudioVersion = 17.1.32328.378
MinimumVisualStudioVersion = 10.0.40219.1
Project("{FAE04EC0-301F-11D3-BF4B-00C04F79EFBC}") = "Cliente", "Cliente\Cliente.csproj", "{75035F1C-2D55-4581-9648-6B5698D55006}"
EndProject
Global
	GlobalSection(SolutionConfigurationPlatforms) = preSolution
		Debug|Any CPU = Debug|Any CPU
		Release|Any CPU = Release|Any CPU
	EndGlobalSection
	GlobalSection(ProjectConfigurationPlatforms) = postSolution
		{75035F1C-2D55-4581-9648-6B5698D55006}.Debug|Any CPU.ActiveCfg = Debug|Any CPU
		{75035F1C-2D55-4581-9648-6B5698D55006}.Debug|Any CPU.Build.0 = Debug|Any CPU
		{75035F1C-2D55-4581-9648-6B5698D55006}.Release|Any CPU.ActiveCfg = Release|Any CPU
		{75035F1C-2D55-4581-9648-6B5698D55006}.Release|Any CPU.Build.0 = Release|Any CPU
	EndGlobalSection
	GlobalSection(SolutionProperties) = preSolution
		HideSolutionNode = FALSE
	EndGlobalSection
	GlobalSection(ExtensibilityGlobals) = postSolution
		SolutionGuid = {A1602D89-B37C-40CC-845F-9C694552A95B}
	EndGlobalSection
EndGlobal
